# This file is autogenerated, do not edit; changes may be undone by the next 'dep ensure'.


[[projects]]
  name = "github.com/go-redis/redis"
  packages = [
    ".",
    "internal",
    "internal/consistenthash",
    "internal/hashtag",
    "internal/pool",
    "internal/proto",
    "internal/singleflight",
    "internal/util"
  ]
  revision = "17b6cf1e5a09b11593b563b1311d45146af24b33"
  version = "v6.10.1"

[solve-meta]
  analyzer-name = "dep"
  analyzer-version = 1
  inputs-digest = "46b3ce8c125fa747eb4bac2e603942bc9ac815e3ac426661bf75d376c1954630"
  solver-name = "gps-cdcl"
  solver-version = 1
